PODS:
  - FBSnapshotTestCase (2.1.4):
    - FBSnapshotTestCase/SwiftSupport (= 2.1.4)
  - FBSnapshotTestCase/Core (2.1.4)
  - FBSnapshotTestCase/SwiftSupport (2.1.4):
    - FBSnapshotTestCase/Core
  - NewVoiceMaskView (0.1.0)

DEPENDENCIES:
  - FBSnapshotTestCase
  - NewVoiceMaskView (from `../`)

SPEC REPOS:
  trunk:
    - FBSnapshotTestCase

EXTERNAL SOURCES:
  NewVoiceMaskView:
    :path: "../"

SPEC CHECKSUMS:
  FBSnapshotTestCase: 094f9f314decbabe373b87cc339bea235a63e07a
  NewVoiceMaskView: 2b0cac4295d2d5d80917ee17ea6c787cb44f1888

PODFILE CHECKSUM: 04bec8e5023ed1babc83b41f0d2203459af0e8a6

COCOAPODS: 1.8.4
